// !$*UTF8*$!
{
	archiveVersion = 1;
	classes = {
	};
	objectVersion = 46;
	objects = {

/* Begin PBXBuildFile section */
		D403D07319BF3258004ABA5B /* Foundation.framework in Frameworks */ = {isa = PBXBuildFile; fileRef = D403D07219BF3258004ABA5B /* Foundation.framework */; };
		D403D07519BF3258004ABA5B /* CoreGraphics.framework in Frameworks */ = {isa = PBXBuildFile; fileRef = D403D07419BF3258004ABA5B /* CoreGraphics.framework */; };
		D403D07719BF3258004ABA5B /* UIKit.framework in Frameworks */ = {isa = PBXBuildFile; fileRef = D403D07619BF3258004ABA5B /* UIKit.framework */; };
		D403D07D19BF3258004ABA5B /* InfoPlist.strings in Resources */ = {isa = PBXBuildFile; fileRef = D403D07B19BF3258004ABA5B /* InfoPlist.strings */; };
		D403D07F19BF3258004ABA5B /* main.m in Sources */ = {isa = PBXBuildFile; fileRef = D403D07E19BF3258004ABA5B /* main.m */; };
		D403D08319BF3258004ABA5B /* AQSAppDelegate.m in Sources */ = {isa = PBXBuildFile; fileRef = D403D08219BF3258004ABA5B /* AQSAppDelegate.m */; };
		D403D08619BF3258004ABA5B /* Main.storyboard in Resources */ = {isa = PBXBuildFile; fileRef = D403D08419BF3258004ABA5B /* Main.storyboard */; };
		D403D08919BF3258004ABA5B /* AQSViewController.m in Sources */ = {isa = PBXBuildFile; fileRef = D403D08819BF3258004ABA5B /* AQSViewController.m */; };
		D403D08B19BF3258004ABA5B /* Images.xcassets in Resources */ = {isa = PBXBuildFile; fileRef = D403D08A19BF3258004ABA5B /* Images.xcassets */; };
		D403D09219BF3258004ABA5B /* XCTest.framework in Frameworks */ = {isa = PBXBuildFile; fileRef = D403D09119BF3258004ABA5B /* XCTest.framework */; };
		D403D09319BF3258004ABA5B /* Foundation.framework in Frameworks */ = {isa = PBXBuildFile; fileRef = D403D07219BF3258004ABA5B /* Foundation.framework */; };
		D403D09419BF3258004ABA5B /* UIKit.framework in Frameworks */ = {isa = PBXBuildFile; fileRef = D403D07619BF3258004ABA5B /* UIKit.framework */; };
		D403D09C19BF3258004ABA5B /* InfoPlist.strings in Resources */ = {isa = PBXBuildFile; fileRef = D403D09A19BF3258004ABA5B /* InfoPlist.strings */; };
		D403D09E19BF3258004ABA5B /* PermissionsLibTests.m in Sources */ = {isa = PBXBuildFile; fileRef = D403D09D19BF3258004ABA5B /* PermissionsLibTests.m */; };
		D403D0AA19BF32E5004ABA5B /* AQSPermissions.m in Sources */ = {isa = PBXBuildFile; fileRef = D403D0A919BF32E5004ABA5B /* AQSPermissions.m */; };
/* End PBXBuildFile section */

/* Begin PBXContainerItemProxy section */
		D403D09519BF3258004ABA5B /* PBXContainerItemProxy */ = {
			isa = PBXContainerItemProxy;
			containerPortal = D403D06719BF3258004ABA5B /* Project object */;
			proxyType = 1;
			remoteGlobalIDString = D403D06E19BF3258004ABA5B;
			remoteInfo = PermissionsLib;
		};
/* End PBXContainerItemProxy section */

/* Begin PBXFileReference section */
		D403D06F19BF3258004ABA5B /* PermissionsLib.app */ = {isa = PBXFileReference; explicitFileType = wrapper.application; includeInIndex = 0; path = PermissionsLib.app; sourceTree = BUILT_PRODUCTS_DIR; };
		D403D07219BF3258004ABA5B /* Foundation.framework */ = {isa = PBXFileReference; lastKnownFileType = wrapper.framework; name = Foundation.framework; path = System/Library/Frameworks/Foundation.framework; sourceTree = SDKROOT; };
		D403D07419BF3258004ABA5B /* CoreGraphics.framework */ = {isa = PBXFileReference; lastKnownFileType = wrapper.framework; name = CoreGraphics.framework; path = System/Library/Frameworks/CoreGraphics.framework; sourceTree = SDKROOT; };
		D403D07619BF3258004ABA5B /* UIKit.framework */ = {isa = PBXFileReference; lastKnownFileType = wrapper.framework; name = UIKit.framework; path = System/Library/Frameworks/UIKit.framework; sourceTree = SDKROOT; };
		D403D07A19BF3258004ABA5B /* PermissionsLib-Info.plist */ = {isa = PBXFileReference; lastKnownFileType = text.plist.xml; path = "PermissionsLib-Info.plist"; sourceTree = "<group>"; };
		D403D07C19BF3258004ABA5B /* en */ = {isa = PBXFileReference; lastKnownFileType = text.plist.strings; name = en; path = en.lproj/InfoPlist.strings; sourceTree = "<group>"; };
		D403D07E19BF3258004ABA5B /* main.m */ = {isa = PBXFileReference; lastKnownFileType = sourcecode.c.objc; path = main.m; sourceTree = "<group>"; };
		D403D08019BF3258004ABA5B /* PermissionsLib-Prefix.pch */ = {isa = PBXFileReference; lastKnownFileType = sourcecode.c.h; path = "PermissionsLib-Prefix.pch"; sourceTree = "<group>"; };
		D403D08119BF3258004ABA5B /* AQSAppDelegate.h */ = {isa = PBXFileReference; lastKnownFileType = sourcecode.c.h; path = AQSAppDelegate.h; sourceTree = "<group>"; };
		D403D08219BF3258004ABA5B /* AQSAppDelegate.m */ = {isa = PBXFileReference; lastKnownFileType = sourcecode.c.objc; path = AQSAppDelegate.m; sourceTree = "<group>"; };
		D403D08519BF3258004ABA5B /* Base */ = {isa = PBXFileReference; lastKnownFileType = file.storyboard; name = Base; path = Base.lproj/Main.storyboard; sourceTree = "<group>"; };
		D403D08719BF3258004ABA5B /* AQSViewController.h */ = {isa = PBXFileReference; lastKnownFileType = sourcecode.c.h; path = AQSViewController.h; sourceTree = "<group>"; };
		D403D08819BF3258004ABA5B /* AQSViewController.m */ = {isa = PBXFileReference; lastKnownFileType = sourcecode.c.objc; path = AQSViewController.m; sourceTree = "<group>"; };
		D403D08A19BF3258004ABA5B /* Images.xcassets */ = {isa = PBXFileReference; lastKnownFileType = folder.assetcatalog; path = Images.xcassets; sourceTree = "<group>"; };
		D403D09019BF3258004ABA5B /* PermissionsLibTests.xctest */ = {isa = PBXFileReference; explicitFileType = wrapper.cfbundle; includeInIndex = 0; path = PermissionsLibTests.xctest; sourceTree = BUILT_PRODUCTS_DIR; };
		D403D09119BF3258004ABA5B /* XCTest.framework */ = {isa = PBXFileReference; lastKnownFileType = wrapper.framework; name = XCTest.framework; path = Library/Frameworks/XCTest.framework; sourceTree = DEVELOPER_DIR; };
		D403D09919BF3258004ABA5B /* PermissionsLibTests-Info.plist */ = {isa = PBXFileReference; lastKnownFileType = text.plist.xml; path = "PermissionsLibTests-Info.plist"; sourceTree = "<group>"; };
		D403D09B19BF3258004ABA5B /* en */ = {isa = PBXFileReference; lastKnownFileType = text.plist.strings; name = en; path = en.lproj/InfoPlist.strings; sourceTree = "<group>"; };
		D403D09D19BF3258004ABA5B /* PermissionsLibTests.m */ = {isa = PBXFileReference; lastKnownFileType = sourcecode.c.objc; path = PermissionsLibTests.m; sourceTree = "<group>"; };
		D403D0A819BF32E5004ABA5B /* AQSPermissions.h */ = {isa = PBXFileReference; fileEncoding = 4; lastKnownFileType = sourcecode.c.h; path = AQSPermissions.h; sourceTree = "<group>"; };
		D403D0A919BF32E5004ABA5B /* AQSPermissions.m */ = {isa = PBXFileReference; fileEncoding = 4; lastKnownFileType = sourcecode.c.objc; path = AQSPermissions.m; sourceTree = "<group>"; };
/* End PBXFileReference section */

/* Begin PBXFrameworksBuildPhase section */
		D403D06C19BF3258004ABA5B /* Frameworks */ = {
			isa = PBXFrameworksBuildPhase;
			buildActionMask = 2147483647;
			files = (
				D403D07519BF3258004ABA5B /* CoreGraphics.framework in Frameworks */,
				D403D07719BF3258004ABA5B /* UIKit.framework in Frameworks */,
				D403D07319BF3258004ABA5B /* Foundation.framework in Frameworks */,
			);
			runOnlyForDeploymentPostprocessing = 0;
		};
		D403D08D19BF3258004ABA5B /* Frameworks */ = {
			isa = PBXFrameworksBuildPhase;
			buildActionMask = 2147483647;
			files = (
				D403D09219BF3258004ABA5B /* XCTest.framework in Frameworks */,
				D403D09419BF3258004ABA5B /* UIKit.framework in Frameworks */,
				D403D09319BF3258004ABA5B /* Foundation.framework in Frameworks */,
			);
			runOnlyForDeploymentPostprocessing = 0;
		};
/* End PBXFrameworksBuildPhase section */

/* Begin PBXGroup section */
		D403D06619BF3258004ABA5B = {
			isa = PBXGroup;
			children = (
				D403D07819BF3258004ABA5B /* PermissionsLib */,
				D403D09719BF3258004ABA5B /* PermissionsLibTests */,
				D403D07119BF3258004ABA5B /* Frameworks */,
				D403D07019BF3258004ABA5B /* Products */,
			);
			sourceTree = "<group>";
		};
		D403D07019BF3258004ABA5B /* Products */ = {
			isa = PBXGroup;
			children = (
				D403D06F19BF3258004ABA5B /* PermissionsLib.app */,
				D403D09019BF3258004ABA5B /* PermissionsLibTests.xctest */,
			);
			name = Products;
			sourceTree = "<group>";
		};
		D403D07119BF3258004ABA5B /* Frameworks */ = {
			isa = PBXGroup;
			children = (
				D403D07219BF3258004ABA5B /* Foundation.framework */,
				D403D07419BF3258004ABA5B /* CoreGraphics.framework */,
				D403D07619BF3258004ABA5B /* UIKit.framework */,
				D403D09119BF3258004ABA5B /* XCTest.framework */,
			);
			name = Frameworks;
			sourceTree = "<group>";
		};
		D403D07819BF3258004ABA5B /* PermissionsLib */ = {
			isa = PBXGroup;
			children = (
				D403D0A719BF32CE004ABA5B /* Classes */,
				D403D08119BF3258004ABA5B /* AQSAppDelegate.h */,
				D403D08219BF3258004ABA5B /* AQSAppDelegate.m */,
				D403D08419BF3258004ABA5B /* Main.storyboard */,
				D403D08719BF3258004ABA5B /* AQSViewController.h */,
				D403D08819BF3258004ABA5B /* AQSViewController.m */,
				D403D08A19BF3258004ABA5B /* Images.xcassets */,
				D403D07919BF3258004ABA5B /* Supporting Files */,
			);
			path = PermissionsLib;
			sourceTree = "<group>";
		};
		D403D07919BF3258004ABA5B /* Supporting Files */ = {
			isa = PBXGroup;
			children = (
				D403D07A19BF3258004ABA5B /* PermissionsLib-Info.plist */,
				D403D07B19BF3258004ABA5B /* InfoPlist.strings */,
				D403D07E19BF3258004ABA5B /* main.m */,
				D403D08019BF3258004ABA5B /* PermissionsLib-Prefix.pch */,
			);
			name = "Supporting Files";
			sourceTree = "<group>";
		};
		D403D09719BF3258004ABA5B /* PermissionsLibTests */ = {
			isa = PBXGroup;
			children = (
				D403D09D19BF3258004ABA5B /* PermissionsLibTests.m */,
				D403D09819BF3258004ABA5B /* Supporting Files */,
			);
			path = PermissionsLibTests;
			sourceTree = "<group>";
		};
		D403D09819BF3258004ABA5B /* Supporting Files */ = {
			isa = PBXGroup;
			children = (
				D403D09919BF3258004ABA5B /* PermissionsLibTests-Info.plist */,
				D403D09A19BF3258004ABA5B /* InfoPlist.strings */,
			);
			name = "Supporting Files";
			sourceTree = "<group>";
		};
		D403D0A719BF32CE004ABA5B /* Classes */ = {
			isa = PBXGroup;
			children = (
				D403D0A819BF32E5004ABA5B /* AQSPermissions.h */,
				D403D0A919BF32E5004ABA5B /* AQSPermissions.m */,
			);
			path = Classes;
			sourceTree = "<group>";
		};
/* End PBXGroup section */

/* Begin PBXNativeTarget section */
		D403D06E19BF3258004ABA5B /* PermissionsLib */ = {
			isa = PBXNativeTarget;
			buildConfigurationList = D403D0A119BF3258004ABA5B /* Build configuration list for PBXNativeTarget "PermissionsLib" */;
			buildPhases = (
				D403D06B19BF3258004ABA5B /* Sources */,
				D403D06C19BF3258004ABA5B /* Frameworks */,
				D403D06D19BF3258004ABA5B /* Resources */,
			);
			buildRules = (
			);
			dependencies = (
			);
			name = PermissionsLib;
			productName = PermissionsLib;
			productReference = D403D06F19BF3258004ABA5B /* PermissionsLib.app */;
			productType = "com.apple.product-type.application";
		};
		D403D08F19BF3258004ABA5B /* PermissionsLibTests */ = {
			isa = PBXNativeTarget;
			buildConfigurationList = D403D0A419BF3258004ABA5B /* Build configuration list for PBXNativeTarget "PermissionsLibTests" */;
			buildPhases = (
				D403D08C19BF3258004ABA5B /* Sources */,
				D403D08D19BF3258004ABA5B /* Frameworks */,
				D403D08E19BF3258004ABA5B /* Resources */,
			);
			buildRules = (
			);
			dependencies = (
				D403D09619BF3258004ABA5B /* PBXTargetDependency */,
			);
			name = PermissionsLibTests;
			productName = PermissionsLibTests;
			productReference = D403D09019BF3258004ABA5B /* PermissionsLibTests.xctest */;
			productType = "com.apple.product-type.bundle.unit-test";
		};
/* End PBXNativeTarget section */

/* Begin PBXProject section */
		D403D06719BF3258004ABA5B /* Project object */ = {
			isa = PBXProject;
			attributes = {
				CLASSPREFIX = AQS;
				LastUpgradeCheck = 0510;
				ORGANIZATIONNAME = Aquamarine;
				TargetAttributes = {
					D403D08F19BF3258004ABA5B = {
						TestTargetID = D403D06E19BF3258004ABA5B;
					};
				};
			};
			buildConfigurationList = D403D06A19BF3258004ABA5B /* Build configuration list for PBXProject "PermissionsLib" */;
			compatibilityVersion = "Xcode 3.2";
			developmentRegion = English;
			hasScannedForEncodings = 0;
			knownRegions = (
				en,
				Base,
			);
			mainGroup = D403D06619BF3258004ABA5B;
			productRefGroup = D403D07019BF3258004ABA5B /* Products */;
			projectDirPath = "";
			projectRoot = "";
			targets = (
				D403D06E19BF3258004ABA5B /* PermissionsLib */,
				D403D08F19BF3258004ABA5B /* PermissionsLibTests */,
			);
		};
/* End PBXProject section */

/* Begin PBXResourcesBuildPhase section */
		D403D06D19BF3258004ABA5B /* Resources */ = {
			isa = PBXResourcesBuildPhase;
			buildActionMask = 2147483647;
			files = (
				D403D08B19BF3258004ABA5B /* Images.xcassets in Resources */,
				D403D07D19BF3258004ABA5B /* InfoPlist.strings in Resources */,
				D403D08619BF3258004ABA5B /* Main.storyboard in Resources */,
			);
			runOnlyForDeploymentPostprocessing = 0;
		};
		D403D08E19BF3258004ABA5B /* Resources */ = {
			isa = PBXResourcesBuildPhase;
			buildActionMask = 2147483647;
			files = (
				D403D09C19BF3258004ABA5B /* InfoPlist.strings in Resources */,
			);
			runOnlyForDeploymentPostprocessing = 0;
		};
/* End PBXResourcesBuildPhase section */

/* Begin PBXSourcesBuildPhase section */
		D403D06B19BF3258004ABA5B /* Sources */ = {
			isa = PBXSourcesBuildPhase;
			buildActionMask = 2147483647;
			files = (
				D403D0AA19BF32E5004ABA5B /* AQSPermissions.m in Sources */,
				D403D08319BF3258004ABA5B /* AQSAppDelegate.m in Sources */,
				D403D07F19BF3258004ABA5B /* main.m in Sources */,
				D403D08919BF3258004ABA5B /* AQSViewController.m in Sources */,
			);
			runOnlyForDeploymentPostprocessing = 0;
		};
		D403D08C19BF3258004ABA5B /* Sources */ = {
			isa = PBXSourcesBuildPhase;
			buildActionMask = 2147483647;
			files = (
				D403D09E19BF3258004ABA5B /* PermissionsLibTests.m in Sources */,
			);
			runOnlyForDeploymentPostprocessing = 0;
		};
/* End PBXSourcesBuildPhase section */

/* Begin PBXTargetDependency section */
		D403D09619BF3258004ABA5B /* PBXTargetDependency */ = {
			isa = PBXTargetDependency;
			target = D403D06E19BF3258004ABA5B /* PermissionsLib */;
			targetProxy = D403D09519BF3258004ABA5B /* PBXContainerItemProxy */;
		};
/* End PBXTargetDependency section */

/* Begin PBXVariantGroup section */
		D403D07B19BF3258004ABA5B /* InfoPlist.strings */ = {
			isa = PBXVariantGroup;
			children = (
				D403D07C19BF3258004ABA5B /* en */,
			);
			name = InfoPlist.strings;
			sourceTree = "<group>";
		};
		D403D08419BF3258004ABA5B /* Main.storyboard */ = {
			isa = PBXVariantGroup;
			children = (
				D403D08519BF3258004ABA5B /* Base */,
			);
			name = Main.storyboard;
			sourceTree = "<group>";
		};
		D403D09A19BF3258004ABA5B /* InfoPlist.strings */ = {
			isa = PBXVariantGroup;
			children = (
				D403D09B19BF3258004ABA5B /* en */,
			);
			name = InfoPlist.strings;
			sourceTree = "<group>";
		};
/* End PBXVariantGroup section */

/* Begin XCBuildConfiguration section */
		D403D09F19BF3258004ABA5B /* Debug */ = {
			isa = XCBuildConfiguration;
			buildSettings = {
				ALWAYS_SEARCH_USER_PATHS = NO;
				CLANG_CXX_LANGUAGE_STANDARD = "gnu++0x";
				CLANG_CXX_LIBRARY = "libc++";
				CLANG_ENABLE_MODULES = YES;
				CLANG_ENABLE_OBJC_ARC = YES;
				CLANG_WARN_BOOL_CONVERSION = YES;
				CLANG_WARN_CONSTANT_CONVERSION = YES;
				CLANG_WARN_DIRECT_OBJC_ISA_USAGE = YES_ERROR;
				CLANG_WARN_EMPTY_BODY = YES;
				CLANG_WARN_ENUM_CONVERSION = YES;
				CLANG_WARN_INT_CONVERSION = YES;
				CLANG_WARN_OBJC_ROOT_CLASS = YES_ERROR;
				CLANG_WARN__DUPLICATE_METHOD_MATCH = YES;
				"CODE_SIGN_IDENTITY[sdk=iphoneos*]" = "iPhone Developer";
				COPY_PHASE_STRIP = NO;
				GCC_C_LANGUAGE_STANDARD = gnu99;
				GCC_DYNAMIC_NO_PIC = NO;
				GCC_OPTIMIZATION_LEVEL = 0;
				GCC_PREPROCESSOR_DEFINITIONS = (
					"DEBUG=1",
					"$(inherited)",
				);
				GCC_SYMBOLS_PRIVATE_EXTERN = NO;
				GCC_WARN_64_TO_32_BIT_CONVERSION = YES;
				GCC_WARN_ABOUT_RETURN_TYPE = YES_ERROR;
				GCC_WARN_UNDECLARED_SELECTOR = YES;
				GCC_WARN_UNINITIALIZED_AUTOS = YES_AGGRESSIVE;
				GCC_WARN_UNUSED_FUNCTION = YES;
				GCC_WARN_UNUSED_VARIABLE = YES;
				IPHONEOS_DEPLOYMENT_TARGET = 7.1;
				ONLY_ACTIVE_ARCH = YES;
				SDKROOT = iphoneos;
			};
			name = Debug;
		};
		D403D0A019BF3258004ABA5B /* Release */ = {
			isa = XCBuildConfiguration;
			buildSettings = {
				ALWAYS_SEARCH_USER_PATHS = NO;
				CLANG_CXX_LANGUAGE_STANDARD = "gnu++0x";
				CLANG_CXX_LIBRARY = "libc++";
				CLANG_ENABLE_MODULES = YES;
				CLANG_ENABLE_OBJC_ARC = YES;
				CLANG_WARN_BOOL_CONVERSION = YES;
				CLANG_WARN_CONSTANT_CONVERSION = YES;
				CLANG_WARN_DIRECT_OBJC_ISA_USAGE = YES_ERROR;
				CLANG_WARN_EMPTY_BODY = YES;
				CLANG_WARN_ENUM_CONVERSION = YES;
				CLANG_WARN_INT_CONVERSION = YES;
				CLANG_WARN_OBJC_ROOT_CLASS = YES_ERROR;
				CLANG_WARN__DUPLICATE_METHOD_MATCH = YES;
				"CODE_SIGN_IDENTITY[sdk=iphoneos*]" = "iPhone Developer";
				COPY_PHASE_STRIP = YES;
				ENABLE_NS_ASSERTIONS = NO;
				GCC_C_LANGUAGE_STANDARD = gnu99;
				GCC_WARN_64_TO_32_BIT_CONVERSION = YES;
				GCC_WARN_ABOUT_RETURN_TYPE = YES_ERROR;
				GCC_WARN_UNDECLARED_SELECTOR = YES;
				GCC_WARN_UNINITIALIZED_AUTOS = YES_AGGRESSIVE;
				GCC_WARN_UNUSED_FUNCTION = YES;
				GCC_WARN_UNUSED_VARIABLE = YES;
				IPHONEOS_DEPLOYMENT_TARGET = 7.1;
				SDKROOT = iphoneos;
				VALIDATE_PRODUCT = YES;
			};
			name = Release;
		};
		D403D0A219BF3258004ABA5B /* Debug */ = {
			isa = XCBuildConfiguration;
			buildSettings = {
				ASSETCATALOG_COMPILER_APPICON_NAME = AppIcon;
				ASSETCATALOG_COMPILER_LAUNCHIMAGE_NAME = LaunchImage;
				GCC_PRECOMPILE_PREFIX_HEADER = YES;
				GCC_PREFIX_HEADER = "PermissionsLib/PermissionsLib-Prefix.pch";
				INFOPLIST_FILE = "PermissionsLib/PermissionsLib-Info.plist";
				PRODUCT_NAME = "$(TARGET_NAME)";
				WRAPPER_EXTENSION = app;
			};
			name = Debug;
		};
		D403D0A319BF3258004ABA5B /* Release */ = {
			isa = XCBuildConfiguration;
			buildSettings = {
				ASSETCATALOG_COMPILER_APPICON_NAME = AppIcon;
				ASSETCATALOG_COMPILER_LAUNCHIMAGE_NAME = LaunchImage;
				GCC_PRECOMPILE_PREFIX_HEADER = YES;
				GCC_PREFIX_HEADER = "PermissionsLib/PermissionsLib-Prefix.pch";
				INFOPLIST_FILE = "PermissionsLib/PermissionsLib-Info.plist";
				PRODUCT_NAME = "$(TARGET_NAME)";
				WRAPPER_EXTENSION = app;
			};
			name = Release;
		};
		D403D0A519BF3258004ABA5B /* Debug */ = {
			isa = XCBuildConfiguration;
			buildSettings = {
				BUNDLE_LOADER = "$(BUILT_PRODUCTS_DIR)/PermissionsLib.app/PermissionsLib";
				FRAMEWORK_SEARCH_PATHS = (
					"$(SDKROOT)/Developer/Library/Frameworks",
					"$(inherited)",
					"$(DEVELOPER_FRAMEWORKS_DIR)",
				);
				GCC_PRECOMPILE_PREFIX_HEADER = YES;
				GCC_PREFIX_HEADER = "PermissionsLib/PermissionsLib-Prefix.pch";
				GCC_PREPROCESSOR_DEFINITIONS = (
					"DEBUG=1",
					"$(inherited)",
				);
				INFOPLIST_FILE = "PermissionsLibTests/PermissionsLibTests-Info.plist";
				PRODUCT_NAME = "$(TARGET_NAME)";
				TEST_HOST = "$(BUNDLE_LOADER)";
				WRAPPER_EXTENSION = xctest;
			};
			name = Debug;
		};
		D403D0A619BF3258004ABA5B /* Release */ = {
			isa = XCBuildConfiguration;
			buildSettings = {
				BUNDLE_LOADER = "$(BUILT_PRODUCTS_DIR)/PermissionsLib.app/PermissionsLib";
				FRAMEWORK_SEARCH_PATHS = (
					"$(SDKROOT)/Developer/Library/Frameworks",
					"$(inherited)",
					"$(DEVELOPER_FRAMEWORKS_DIR)",
				);
				GCC_PRECOMPILE_PREFIX_HEADER = YES;
				GCC_PREFIX_HEADER = "PermissionsLib/PermissionsLib-Prefix.pch";
				INFOPLIST_FILE = "PermissionsLibTests/PermissionsLibTests-Info.plist";
				PRODUCT_NAME = "$(TARGET_NAME)";
				TEST_HOST = "$(BUNDLE_LOADER)";
				WRAPPER_EXTENSION = xctest;
			};
			name = Release;
		};
/* End XCBuildConfiguration section */

/* Begin XCConfigurationList section */
		D403D06A19BF3258004ABA5B /* Build configuration list for PBXProject "PermissionsLib" */ = {
			isa = XCConfigurationList;
			buildConfigurations = (
				D403D09F19BF3258004ABA5B /* Debug */,
				D403D0A019BF3258004ABA5B /* Release */,
			);
			defaultConfigurationIsVisible = 0;
			defaultConfigurationName = Release;
		};
		D403D0A119BF3258004ABA5B /* Build configuration list for PBXNativeTarget "PermissionsLib" */ = {
			isa = XCConfigurationList;
			buildConfigurations = (
				D403D0A219BF3258004ABA5B /* Debug */,
				D403D0A319BF3258004ABA5B /* Release */,
			);
			defaultConfigurationIsVisible = 0;
		};
		D403D0A419BF3258004ABA5B /* Build configuration list for PBXNativeTarget "PermissionsLibTests" */ = {
			isa = XCConfigurationList;
			buildConfigurations = (
				D403D0A519BF3258004ABA5B /* Debug */,
				D403D0A619BF3258004ABA5B /* Release */,
			);
			defaultConfigurationIsVisible = 0;
		};
/* End XCConfigurationList section */
	};
	rootObject = D403D06719BF3258004ABA5B /* Project object */;
}
